github.com/dolthub/maphash v0.1.0 h1:bsQ7JsF4FkkWyrP3oCnFJgrCUAFbFf3kOl4L/QxPDyQ=
github.com/dolthub/maphash v0.1.0/go.mod h1:gkg4Ch4CdCDu5h6PMriVLawB7koZ+5ijb9puGMV50a4=
github.com/goccy/go-json v0.10.3 h1:KZ5WoDbxAIgm2HNbYckL0se1fHD6rz5j4ywS6ebzDqA=
github.com/goccy/go-json v0.10.3/go.mod h1:oq7eo15ShAhp70Anwd5lgX2pLfOS3QCiwU/PULtXL6M=
github.com/goccy/go-json v0.10.5 h1:Fq85nIqj+gXn/S5ahsiTlK3TmC85qgirsdTP/+DeaC4=
github.com/goccy/go-json v0.10.5/go.mod h1:oq7eo15ShAhp70Anwd5lgX2pLfOS3QCiwU/PULtXL6M=
github.com/joho/godotenv v1.5.1 h1:7eLL/+HRGLY0ldzfGMeQkb7vMd0as4CfYvUVzLqw0N0=
github.com/joho/godotenv v1.5.1/go.mod h1:f4LDr5Voq0i2e/R5DDNOoa2zzDfwtkZa6DnEwAbqwq4=
github.com/klauspost/compress v1.17.8 h1:YcnTYrq7MikUT7k0Yb5eceMmALQPYBW/Xltxn0NAMnU=
github.com/klauspost/compress v1.17.8/go.mod h1:Di0epgTjJY877eYKx5yC51cX2A2Vl2ibi7bDH9ttBbw=
github.com/klauspost/compress v1.18.0 h1:c/Cqfb0r+Yi+JtIEq73FWXVkRonBlf0CRNYc8Zttxdo=
github.com/klauspost/compress v1.18.0/go.mod h1:2Pp+KzxcywXVXMr50+X0Q/Lsb43OQHYWRCY2AiWywWQ=
github.com/klauspost/compress v1.18.2 h1:iiPHWW0YrcFgpBYhsA6D1+fqHssJscY/Tm/y2Uqnapk=
github.com/klauspost/compress v1.18.2/go.mod h1:R0h/fSBs8DE4ENlcrlib3PsXS61voFxhIs2DeRhCvJ4=
github.com/lxzan/gws v1.8.4 h1:BN3d/sORmqEql1qaWxtfiw6HQWh8xMZSPLBf+sU/HHE=
github.com/lxzan/gws v1.8.4/go.mod h1:FcGeRMB7HwGuTvMLR24ku0Zx0p6RXqeKASeMc4VYgi4=
github.com/lxzan/gws v1.8.8 h1:st193ZG8qN8sSw8/g/UituFhs7etmKzS7jUqhijg5wM=
github.com/lxzan/gws v1.8.8/go.mod h1:FcGeRMB7HwGuTvMLR24ku0Zx0p6RXqeKASeMc4VYgi4=
github.com/lxzan/gws v1.8.9 h1:VU3SGUeWlQrEwfUSfokcZep8mdg/BrUF+y73YYshdBM=
github.com/lxzan/gws v1.8.9/go.mod h1:d9yHaR1eDTBHagQC6KY7ycUOaz5KWeqQtP3xu7aMK8Y=
github.com/oklog/ulid/v2 v2.1.0 h1:+9lhoxAP56we25tyYETBBY1YLA2SaoLvUFgrP2miPJU=
github.com/oklog/ulid/v2 v2.1.0/go.mod h1:rcEKHmBBKfef9DhnvX7y1HZBYxjXb0cP5ExxNsTT1QQ=
github.com/oklog/ulid/v2 v2.1.1 h1:suPZ4ARWLOJLegGFiZZ1dFAkqzhMjL3J1TzI+5wHz8s=
github.com/oklog/ulid/v2 v2.1.1/go.mod h1:rcEKHmBBKfef9DhnvX7y1HZBYxjXb0cP5ExxNsTT1QQ=
github.com/pborman/getopt v0.0.0-20170112200414-7148bc3a4c30/go.mod h1:85jBQOZwpVEaDAr341tbn15RS4fCAsIst0qp7i8ex1o=
github.com/philhofer/fwd v1.2.0 h1:e6DnBTl7vGY+Gz322/ASL4Gyp1FspeMvx1RNDoToZuM=
github.com/philhofer/fwd v1.2.0/go.mod h1:RqIHx9QI14HlwKwm98g9Re5prTQ6LdeRQn+gXJFxsJM=
github.com/tinylib/msgp v1.6.2 h1:D40LN895O9HJpN8n5Ksqk+abl7zw6RtizDwgRCE7hXk=
github.com/tinylib/msgp v1.6.2/go.mod h1:RSp0LW9oSxFut3KzESt5Voq4GVWyS+PSulT77roAqEA=
